
Microsoft Visual Studio Solution File, Format Version 12.00
# Visual Studio 15
VisualStudioVersion = 15.0.27703.2047
MinimumVisualStudioVersion = 10.0.40219.1
Project("{8BC9CEB8-8B4A-11D0-8D11-00A0C91BC942}") = "CombattantsQT", "CombattantsQT\CombattantsQT.vcxproj", "{B12702AD-ABFB-343A-A199-8E24837244A3}"
EndProject
Project("{8BC9CEB8-8B4A-11D0-8D11-00A0C91BC942}") = "CombattantModelsInModels", "CombattantModelsInModels\CombattantModelsInModels.vcxproj", "{7F98001E-081B-4EBD-A2CC-C997B39DC88D}"
EndProject
Project("{8BC9CEB8-8B4A-11D0-8D11-00A0C91BC942}") = "CombattantProxy", "CombattantProxy\CombattantProxy.vcxproj", "{50279ECD-717A-4FD4-A512-A5A172037DB9}"
EndProject
Global
	GlobalSection(SolutionConfigurationPlatforms) = preSolution
		Debug|x64 = Debug|x64
		Release|x64 = Release|x64
	EndGlobalSection
	GlobalSection(ProjectConfigurationPlatforms) = postSolution
		{B12702AD-ABFB-343A-A199-8E24837244A3}.Debug|x64.ActiveCfg = Debug|x64
		{B12702AD-ABFB-343A-A199-8E24837244A3}.Debug|x64.Build.0 = Debug|x64
		{B12702AD-ABFB-343A-A199-8E24837244A3}.Release|x64.ActiveCfg = Release|x64
		{B12702AD-ABFB-343A-A199-8E24837244A3}.Release|x64.Build.0 = Release|x64
		{7F98001E-081B-4EBD-A2CC-C997B39DC88D}.Debug|x64.ActiveCfg = Debug|x64
		{7F98001E-081B-4EBD-A2CC-C997B39DC88D}.Debug|x64.Build.0 = Debug|x64
		{7F98001E-081B-4EBD-A2CC-C997B39DC88D}.Release|x64.ActiveCfg = Release|x64
		{7F98001E-081B-4EBD-A2CC-C997B39DC88D}.Release|x64.Build.0 = Release|x64
		{50279ECD-717A-4FD4-A512-A5A172037DB9}.Debug|x64.ActiveCfg = Debug|x64
		{50279ECD-717A-4FD4-A512-A5A172037DB9}.Debug|x64.Build.0 = Debug|x64
		{50279ECD-717A-4FD4-A512-A5A172037DB9}.Release|x64.ActiveCfg = Release|x64
		{50279ECD-717A-4FD4-A512-A5A172037DB9}.Release|x64.Build.0 = Release|x64
	EndGlobalSection
	GlobalSection(SolutionProperties) = preSolution
		HideSolutionNode = FALSE
	EndGlobalSection
	GlobalSection(ExtensibilityGlobals) = postSolution
		SolutionGuid = {5B9F3084-E99A-46CD-BF40-18ED5E5D9D41}
	EndGlobalSection
EndGlobal
