<?xml version="1.0" encoding="utf-8"?>
<Project ToolsVersion="4.0" xmlns="http://schemas.microsoft.com/developer/msbuild/2003">
  <ItemGroup>
    <Filter Include="Source Files">
      <UniqueIdentifier>{4FC737F1-C7A5-4376-A066-2A32D752A2FF}</UniqueIdentifier>
      <Extensions>cpp;c;cc;cxx;def;odl;idl;hpj;bat;asm;asmx</Extensions>
    </Filter>
    <Filter Include="Header Files">
      <UniqueIdentifier>{93995380-89BD-4b04-88EB-625FBE52EBFB}</UniqueIdentifier>
      <Extensions>h;hh;hpp;hxx;hm;inl;inc;xsd</Extensions>
    </Filter>
    <Filter Include="Resource Files">
      <UniqueIdentifier>{D9D6E242-F8AF-46E4-B9FD-80ECBC20BA3E}</UniqueIdentifier>
      <Extensions>qrc;*</Extensions>
      <ParseFiles>false</ParseFiles>
    </Filter>
    <Filter Include="Form Files">
      <UniqueIdentifier>{99349809-55BA-4b9d-BF79-8FDBB0286EB3}</UniqueIdentifier>
      <Extensions>ui</Extensions>
    </Filter>
    <Filter Include="Resource Files">
      <UniqueIdentifier>{D9D6E242-F8AF-46E4-B9FD-80ECBC20BA3E}</UniqueIdentifier>
      <Extensions>qrc;*</Extensions>
      <ParseFiles>false</ParseFiles>
    </Filter>
    <Filter Include="Generated Files">
      <UniqueIdentifier>{71ED8ED8-ACB9-4CE9-BBE1-E00B30144E11}</UniqueIdentifier>
      <Extensions>moc;h;cpp</Extensions>
      <SourceControlFiles>False</SourceControlFiles>
    </Filter>
    <Filter Include="Source Files\DataItem">
      <UniqueIdentifier>{d9559510-3a17-49c9-9fb7-5f47e6c90377}</UniqueIdentifier>
    </Filter>
    <Filter Include="Source Files\Models">
      <UniqueIdentifier>{f1188adb-3fe4-4d6e-a8ed-18c633bd9d11}</UniqueIdentifier>
    </Filter>
    <Filter Include="Source Files\Views">
      <UniqueIdentifier>{95ddd0b8-b82f-4dd9-9c5d-32c05ab2e5ee}</UniqueIdentifier>
    </Filter>
    <Filter Include="Header Files\DataItem">
      <UniqueIdentifier>{4424b156-11c5-4e0d-a6ee-5b3daed20e3f}</UniqueIdentifier>
    </Filter>
    <Filter Include="Header Files\Models">
      <UniqueIdentifier>{a3cabdd0-e17f-411b-b7ab-c8eaa7240a47}</UniqueIdentifier>
    </Filter>
    <Filter Include="Header Files\Views">
      <UniqueIdentifier>{c85f7746-31bf-4e4b-91f1-356c7a476eb2}</UniqueIdentifier>
    </Filter>
  </ItemGroup>
  <ItemGroup>
    <CustomBuild Include="cMainWindow.qrc">
      <Filter>Resource Files</Filter>
    </CustomBuild>
  </ItemGroup>
  <ItemGroup>
    <ClInclude Include="combattant.h">
      <Filter>Header Files</Filter>
    </ClInclude>
    <ClInclude Include="cDataItem.h">
      <Filter>Header Files\DataItem</Filter>
    </ClInclude>
    <ClInclude Include="cDataItemCombattant.h">
      <Filter>Header Files\DataItem</Filter>
    </ClInclude>
    <ClInclude Include="cDataItemModel.h">
      <Filter>Header Files\DataItem</Filter>
    </ClInclude>
    <ClInclude Include="cDataItemWeapon.h">
      <Filter>Header Files\DataItem</Filter>
    </ClInclude>
    <ClInclude Include="cModelBase.h">
      <Filter>Header Files\Models</Filter>
    </ClInclude>
    <ClInclude Include="combattantlistmodel.h">
      <Filter>Header Files\Models</Filter>
    </ClInclude>
    <ClInclude Include="combattantmodel.h">
      <Filter>Header Files\Models</Filter>
    </ClInclude>
    <ClInclude Include="cWeaponModel.h">
      <Filter>Header Files\Models</Filter>
    </ClInclude>
    <ClInclude Include="combattantview.h">
      <Filter>Header Files\Views</Filter>
    </ClInclude>
    <ClInclude Include="cWeaponView.h">
      <Filter>Header Files\Views</Filter>
    </ClInclude>
    <ClInclude Include="targetview.h">
      <Filter>Header Files\Views</Filter>
    </ClInclude>
  </ItemGroup>
  <ItemGroup>
    <ClCompile Include="cMainWindow.cpp">
      <Filter>Source Files</Filter>
    </ClCompile>
    <ClCompile Include="combattant.cpp">
      <Filter>Source Files</Filter>
    </ClCompile>
    <ClCompile Include="main.cpp" />
    <ClCompile Include="cDataItem.cpp">
      <Filter>Source Files\DataItem</Filter>
    </ClCompile>
    <ClCompile Include="cDataItemCombattant.cpp">
      <Filter>Source Files\DataItem</Filter>
    </ClCompile>
    <ClCompile Include="cDataItemModel.cpp">
      <Filter>Source Files\DataItem</Filter>
    </ClCompile>
    <ClCompile Include="cDataItemWeapon.cpp">
      <Filter>Source Files\DataItem</Filter>
    </ClCompile>
    <ClCompile Include="cModelBase.cpp">
      <Filter>Source Files\Models</Filter>
    </ClCompile>
    <ClCompile Include="combattantlistmodel.cpp">
      <Filter>Source Files\Models</Filter>
    </ClCompile>
    <ClCompile Include="combattantmodel.cpp">
      <Filter>Source Files\Models</Filter>
    </ClCompile>
    <ClCompile Include="cWeaponModel.cpp">
      <Filter>Source Files\Models</Filter>
    </ClCompile>
    <ClCompile Include="combattantview.cpp">
      <Filter>Source Files\Views</Filter>
    </ClCompile>
    <ClCompile Include="cWeaponView.cpp">
      <Filter>Source Files\Views</Filter>
    </ClCompile>
    <ClCompile Include="targetview.cpp">
      <Filter>Source Files\Views</Filter>
    </ClCompile>
    <ClCompile Include="proxytargetmodel.cpp">
      <Filter>Source Files</Filter>
    </ClCompile>
  </ItemGroup>
  <ItemGroup>
    <QtMoc Include="cMainWindow.h">
      <Filter>Header Files</Filter>
    </QtMoc>
    <QtMoc Include="proxytargetmodel.h">
      <Filter>Header Files</Filter>
    </QtMoc>
  </ItemGroup>
  <ItemGroup>
    <QtUic Include="TargetView.ui">
      <Filter>Form Files</Filter>
    </QtUic>
    <QtUic Include="cMainWindow.ui">
      <Filter>Form Files</Filter>
    </QtUic>
    <QtUic Include="CombattantView.ui">
      <Filter>Form Files</Filter>
    </QtUic>
    <QtUic Include="WeaponView.ui">
      <Filter>Form Files</Filter>
    </QtUic>
  </ItemGroup>
</Project>